
Microsoft Visual Studio Solution File, Format Version 12.00
# Visual Studio Version 17
VisualStudioVersion = 17.4.33122.133
MinimumVisualStudioVersion = 10.0.40219.1
Project("{FAE04EC0-301F-11D3-BF4B-00C04F79EFBC}") = "Jewerly", "Jewerly.csproj", "{AB7623A2-5F22-4A89-855D-9C2B24E4F719}"
EndProject
Global
	GlobalSection(SolutionConfigurationPlatforms) = preSolution
		Debug|Any CPU = Debug|Any CPU
		Release|Any CPU = Release|Any CPU
	EndGlobalSection
	GlobalSection(ProjectConfigurationPlatforms) = postSolution
		{AB7623A2-5F22-4A89-855D-9C2B24E4F719}.Debug|Any CPU.ActiveCfg = Debug|Any CPU
		{AB7623A2-5F22-4A89-855D-9C2B24E4F719}.Debug|Any CPU.Build.0 = Debug|Any CPU
		{AB7623A2-5F22-4A89-855D-9C2B24E4F719}.Release|Any CPU.ActiveCfg = Release|Any CPU
		{AB7623A2-5F22-4A89-855D-9C2B24E4F719}.Release|Any CPU.Build.0 = Release|Any CPU
	EndGlobalSection
	GlobalSection(SolutionProperties) = preSolution
		HideSolutionNode = FALSE
	EndGlobalSection
	GlobalSection(ExtensibilityGlobals) = postSolution
		SolutionGuid = {5CA0EBE9-0F98-4118-9F16-E2C8F2D9CF28}
	EndGlobalSection
EndGlobal
